
Microsoft Visual Studio Solution File, Format Version 12.00
# Visual Studio Version 16
VisualStudioVersion = 16.0.31424.327
MinimumVisualStudioVersion = 10.0.40219.1
Project("{FAE04EC0-301F-11D3-BF4B-00C04F79EFBC}") = "FoodDeliveryBackend", "FoodDeliveryBackend.csproj", "{0C6F996C-FDAA-4356-83B9-3615BB0DF2FC}"
EndProject
Global
	GlobalSection(SolutionConfigurationPlatforms) = preSolution
		Debug|Any CPU = Debug|Any CPU
		Release|Any CPU = Release|Any CPU
	EndGlobalSection
	GlobalSection(ProjectConfigurationPlatforms) = postSolution
		{0C6F996C-FDAA-4356-83B9-3615BB0DF2FC}.Debug|Any CPU.ActiveCfg = Debug|Any CPU
		{0C6F996C-FDAA-4356-83B9-3615BB0DF2FC}.Debug|Any CPU.Build.0 = Debug|Any CPU
		{0C6F996C-FDAA-4356-83B9-3615BB0DF2FC}.Release|Any CPU.ActiveCfg = Release|Any CPU
		{0C6F996C-FDAA-4356-83B9-3615BB0DF2FC}.Release|Any CPU.Build.0 = Release|Any CPU
	EndGlobalSection
	GlobalSection(SolutionProperties) = preSolution
		HideSolutionNode = FALSE
	EndGlobalSection
	GlobalSection(ExtensibilityGlobals) = postSolution
		SolutionGuid = {AD576F18-0EB5-40F8-BF83-92BD62E61B9D}
	EndGlobalSection
EndGlobal
